
Microsoft Visual Studio Solution File, Format Version 12.00
# Visual Studio 14
VisualStudioVersion = 14.0.25420.1
MinimumVisualStudioVersion = 10.0.40219.1
Project("{FAE04EC0-301F-11D3-BF4B-00C04F79EFBC}") = "DGenerator.GUI", "AKS UTM tools\DGenerator.GUI.csproj", "{431C6033-B0A8-4CE2-BD9D-17962D72DF47}"
EndProject
Project("{FAE04EC0-301F-11D3-BF4B-00C04F79EFBC}") = "DGenerator.Data", "DGenerator.Data\DGenerator.Data.csproj", "{C1DF1BA0-1058-4076-9CE9-C9DB907E364B}"
EndProject
Project("{FAE04EC0-301F-11D3-BF4B-00C04F79EFBC}") = "DGenerator.CDR", "DGenerator.CDR\DGenerator.CDR.csproj", "{8091A8CD-CBD4-47B9-8105-941EC34D3AEB}"
EndProject
Project("{FAE04EC0-301F-11D3-BF4B-00C04F79EFBC}") = "DGenerator.Service", "DGenerator.Service\DGenerator.Service.csproj", "{92AAF079-A35F-4A26-8010-8B71D224B7E1}"
EndProject
Global
	GlobalSection(SolutionConfigurationPlatforms) = preSolution
		Debug|Any CPU = Debug|Any CPU
		Release|Any CPU = Release|Any CPU
	EndGlobalSection
	GlobalSection(ProjectConfigurationPlatforms) = postSolution
		{431C6033-B0A8-4CE2-BD9D-17962D72DF47}.Debug|Any CPU.ActiveCfg = Debug|Any CPU
		{431C6033-B0A8-4CE2-BD9D-17962D72DF47}.Debug|Any CPU.Build.0 = Debug|Any CPU
		{431C6033-B0A8-4CE2-BD9D-17962D72DF47}.Release|Any CPU.ActiveCfg = Release|Any CPU
		{431C6033-B0A8-4CE2-BD9D-17962D72DF47}.Release|Any CPU.Build.0 = Release|Any CPU
		{C1DF1BA0-1058-4076-9CE9-C9DB907E364B}.Debug|Any CPU.ActiveCfg = Debug|Any CPU
		{C1DF1BA0-1058-4076-9CE9-C9DB907E364B}.Debug|Any CPU.Build.0 = Debug|Any CPU
		{C1DF1BA0-1058-4076-9CE9-C9DB907E364B}.Release|Any CPU.ActiveCfg = Release|Any CPU
		{C1DF1BA0-1058-4076-9CE9-C9DB907E364B}.Release|Any CPU.Build.0 = Release|Any CPU
		{8091A8CD-CBD4-47B9-8105-941EC34D3AEB}.Debug|Any CPU.ActiveCfg = Debug|Any CPU
		{8091A8CD-CBD4-47B9-8105-941EC34D3AEB}.Debug|Any CPU.Build.0 = Debug|Any CPU
		{8091A8CD-CBD4-47B9-8105-941EC34D3AEB}.Release|Any CPU.ActiveCfg = Release|Any CPU
		{8091A8CD-CBD4-47B9-8105-941EC34D3AEB}.Release|Any CPU.Build.0 = Release|Any CPU
		{92AAF079-A35F-4A26-8010-8B71D224B7E1}.Debug|Any CPU.ActiveCfg = Debug|Any CPU
		{92AAF079-A35F-4A26-8010-8B71D224B7E1}.Debug|Any CPU.Build.0 = Debug|Any CPU
		{92AAF079-A35F-4A26-8010-8B71D224B7E1}.Release|Any CPU.ActiveCfg = Release|Any CPU
		{92AAF079-A35F-4A26-8010-8B71D224B7E1}.Release|Any CPU.Build.0 = Release|Any CPU
	EndGlobalSection
	GlobalSection(SolutionProperties) = preSolution
		HideSolutionNode = FALSE
	EndGlobalSection
EndGlobal
